PODS:
  - SunbeamBLEPeripheralService (0.1.1)

DEPENDENCIES:
  - SunbeamBLEPeripheralService (from `../`)

EXTERNAL SOURCES:
  SunbeamBLEPeripheralService:
    :path: ../

SPEC CHECKSUMS:
  SunbeamBLEPeripheralService: 194dc4e54d4f9d5a2b8a3ef3375c8081887cb199

PODFILE CHECKSUM: 09fd03cc29740193f0e20c43d59a33ff6624007f

COCOAPODS: 1.0.1
